
Microsoft Visual Studio Solution File, Format Version 12.00
# Visual Studio Version 17
VisualStudioVersion = 17.4.33213.308
MinimumVisualStudioVersion = 10.0.40219.1
Project("{FAE04EC0-301F-11D3-BF4B-00C04F79EFBC}") = "TestTask_TicTacToeApi", "TestTask_TicTacToe\TestTask_TicTacToeApi.csproj", "{778F77E3-E1CC-4C0C-B2E7-823660A88EC7}"
EndProject
Global
	GlobalSection(SolutionConfigurationPlatforms) = preSolution
		Debug|Any CPU = Debug|Any CPU
		Release|Any CPU = Release|Any CPU
	EndGlobalSection
	GlobalSection(ProjectConfigurationPlatforms) = postSolution
		{778F77E3-E1CC-4C0C-B2E7-823660A88EC7}.Debug|Any CPU.ActiveCfg = Debug|Any CPU
		{778F77E3-E1CC-4C0C-B2E7-823660A88EC7}.Debug|Any CPU.Build.0 = Debug|Any CPU
		{778F77E3-E1CC-4C0C-B2E7-823660A88EC7}.Release|Any CPU.ActiveCfg = Release|Any CPU
		{778F77E3-E1CC-4C0C-B2E7-823660A88EC7}.Release|Any CPU.Build.0 = Release|Any CPU
	EndGlobalSection
	GlobalSection(SolutionProperties) = preSolution
		HideSolutionNode = FALSE
	EndGlobalSection
	GlobalSection(ExtensibilityGlobals) = postSolution
		SolutionGuid = {0916561A-4A17-42F5-B2E6-41D6C72E7489}
	EndGlobalSection
EndGlobal
